{
  "name": "backend",
  "version": "1.0.0",
  "lockfileVersion": 2,
  "requires": true,
  "packages": {
    "": {
      "name": "backend",
      "version": "1.0.0",
      "license": "ISC",
      "dependencies": {
        "idb": "^6.1.2"
      }
    },
    "node_modules/idb": {
      "version": "6.1.2",
      "resolved": "https://registry.npmjs.org/idb/-/idb-6.1.2.tgz",
      "integrity": "sha512-1DNDVu3yDhAZkFDlJf0t7r+GLZ248F5pTAtA7V0oVG3yjmV125qZOx3g0XpAEkGZVYQiFDAsSOnGet2bhugc3w=="
    }
  },
  "dependencies": {
    "idb": {
      "version": "6.1.2",
      "resolved": "https://registry.npmjs.org/idb/-/idb-6.1.2.tgz",
      "integrity": "sha512-1DNDVu3yDhAZkFDlJf0t7r+GLZ248F5pTAtA7V0oVG3yjmV125qZOx3g0XpAEkGZVYQiFDAsSOnGet2bhugc3w=="
    }
  }
}
